
Microsoft Visual Studio Solution File, Format Version 12.00
# Visual Studio 14
VisualStudioVersion = 14.0.23107.0
MinimumVisualStudioVersion = 10.0.40219.1
Project("{FAE04EC0-301F-11D3-BF4B-00C04F79EFBC}") = "Locator", "ViewLocator\Locator.csproj", "{22165F3C-0734-4FA0-8299-39C8BF23F5AF}"
EndProject
Project("{FAE04EC0-301F-11D3-BF4B-00C04F79EFBC}") = "ViewLocatorTest", "ViewLocatorTest\ViewLocatorTest.csproj", "{FF0B4F27-093D-4311-92F1-E49EF3074D9A}"
EndProject
Project("{2150E333-8FDC-42A3-9474-1A3956D46DE8}") = "Example", "Example", "{9612DED4-22F3-434C-8D60-C5FE825912C0}"
EndProject
Project("{FAE04EC0-301F-11D3-BF4B-00C04F79EFBC}") = "ExampleData", "ExampleData\ExampleData.csproj", "{230518F0-197A-4590-8AF5-627881AC0B8B}"
EndProject
Project("{FAE04EC0-301F-11D3-BF4B-00C04F79EFBC}") = "ExampleData.Test", "ExampleData.Test\ExampleData.Test.csproj", "{C0D7B855-5C82-45C0-ADEE-5DEDC08AED4E}"
EndProject
Project("{FAE04EC0-301F-11D3-BF4B-00C04F79EFBC}") = "VMBase", "VMBase\VMBase.csproj", "{BDB277EF-FB82-4C92-9FF5-32304FFFF20D}"
EndProject
Project("{2150E333-8FDC-42A3-9474-1A3956D46DE8}") = "Framework", "Framework", "{5C2E17DA-9A37-4BD8-A08D-9836248633F4}"
EndProject
Project("{FAE04EC0-301F-11D3-BF4B-00C04F79EFBC}") = "EntityViewModel", "EntityViewModel\EntityViewModel.csproj", "{AE0E7905-8F82-44BA-80DA-B5654753CEA1}"
EndProject
Project("{FAE04EC0-301F-11D3-BF4B-00C04F79EFBC}") = "EFExtensions", "EFExtensions\EFExtensions.csproj", "{5EB55EE9-CE35-4227-935D-E87FB1758FDF}"
EndProject
Project("{FAE04EC0-301F-11D3-BF4B-00C04F79EFBC}") = "RLINQ", "RLINQ\RLINQ.csproj", "{C24D83E7-A9A2-4768-B234-5FFF8E7F3708}"
EndProject
Project("{FAE04EC0-301F-11D3-BF4B-00C04F79EFBC}") = "PreviewCollection", "..\..\PreviewObservableCollectio\PreviewCollection\PreviewCollection.csproj", "{EC53FEA0-B19B-40D4-8D20-29AB26ED55C7}"
EndProject
Project("{FAE04EC0-301F-11D3-BF4B-00C04F79EFBC}") = "ViewLocator2", "ViewLocator2\ViewLocator2.csproj", "{2017363D-698A-4027-B34B-2F71D5C5F304}"
EndProject
Project("{FAE04EC0-301F-11D3-BF4B-00C04F79EFBC}") = "RLinq.Test", "RLinq.Test\RLinq.Test.csproj", "{4FC1C578-6F4A-4CC8-8ADF-3B0002B2338C}"
EndProject
Project("{FAE04EC0-301F-11D3-BF4B-00C04F79EFBC}") = "PagedQuery", "PagedQuery\PagedQuery\PagedQuery\PagedQuery.csproj", "{CA850F6C-D610-43A7-BD75-529C49DFD8B5}"
EndProject
Project("{FAE04EC0-301F-11D3-BF4B-00C04F79EFBC}") = "VMBase.Test", "VMBase.Test\VMBase.Test.csproj", "{D3FEFA8A-8F97-495D-A60D-6CE9AE628C7C}"
EndProject
Project("{FAE04EC0-301F-11D3-BF4B-00C04F79EFBC}") = "ViewBehaviours", "ViewBehaviours\ViewBehaviours.csproj", "{5C086D31-CFBF-4CF9-BB16-2B1ABF22979E}"
EndProject
Project("{FAE04EC0-301F-11D3-BF4B-00C04F79EFBC}") = "ViewBehavioursTest", "ViewBehavioursTest\ViewBehavioursTest.csproj", "{D7D61C0D-E25A-4FA0-9899-DD27035AA195}"
EndProject
Project("{FAE04EC0-301F-11D3-BF4B-00C04F79EFBC}") = "ViewBehaviours.TestValidation", "ViewBehaviours.TestValidation\ViewBehaviours.TestValidation.csproj", "{0219107B-FD35-4204-A28C-F6D2BC998038}"
EndProject
Project("{FAE04EC0-301F-11D3-BF4B-00C04F79EFBC}") = "UIHost", "UIHost\UIHost.csproj", "{43AD63DA-766F-4B23-900D-6B1789ED05DC}"
EndProject
Project("{FAE04EC0-301F-11D3-BF4B-00C04F79EFBC}") = "UIHost.Test", "UIHost.Test\UIHost.Test.csproj", "{0144E9CF-9669-40D4-924A-BC3279558B26}"
EndProject
Project("{2150E333-8FDC-42A3-9474-1A3956D46DE8}") = "Converters", "Converters", "{8CE4BD6B-535B-4276-AD9B-B0C1BC5E9EE5}"
EndProject
Project("{FAE04EC0-301F-11D3-BF4B-00C04F79EFBC}") = "EnumSourceConverter", "EnumSourceConverter\EnumSourceConverter.csproj", "{7377C762-7CD4-48E1-A5EB-344C72E80FF5}"
EndProject
Project("{FAE04EC0-301F-11D3-BF4B-00C04F79EFBC}") = "WpfParentTraverse", "WpfParentTraverse\WpfParentTraverse\WpfParentTraverse.csproj", "{A761A461-4786-4822-B845-239876C0A5B3}"
EndProject
Project("{FAE04EC0-301F-11D3-BF4B-00C04F79EFBC}") = "BoolNullVisibilityConverter", "BoolNullVisibilityConverter\BoolNullVisibilityConverter\BoolNullVisibilityConverter.csproj", "{302FC673-5D43-4748-98CD-E5DF1A83ADD3}"
EndProject
Project("{2150E333-8FDC-42A3-9474-1A3956D46DE8}") = "Reports", "Reports", "{6090132D-DF76-4633-942F-EB12297FD412}"
EndProject
Project("{FAE04EC0-301F-11D3-BF4B-00C04F79EFBC}") = "ObjectReports", "ObjectReports\ObjectReports.csproj", "{AFE566CB-2F37-478D-B6D0-64BA844AE7AC}"
EndProject
Project("{FAE04EC0-301F-11D3-BF4B-00C04F79EFBC}") = "DictionaryBuilder", "DictionaryBuilder\DictionaryBuilder.csproj", "{DE8993B5-0C4F-4CD0-BACE-9ED6D8B88AED}"
EndProject
Project("{FAE04EC0-301F-11D3-BF4B-00C04F79EFBC}") = "DictionaryBuilder.Test", "DictionaryBuilder.Test\DictionaryBuilder.Test.csproj", "{5169718D-FBFA-405B-833A-AA080D5AF81C}"
EndProject
Project("{2150E333-8FDC-42A3-9474-1A3956D46DE8}") = "Console", "Console", "{D3812A0A-EA10-494B-959D-E1D3D6C3E5EE}"
EndProject
Project("{FAE04EC0-301F-11D3-BF4B-00C04F79EFBC}") = "Tonic.Console", "Tonic.Console\Tonic.Console.csproj", "{B708D33C-4DAD-4C39-AB22-C1614857CE1B}"
EndProject
Global
	GlobalSection(SolutionConfigurationPlatforms) = preSolution
		Debug|Any CPU = Debug|Any CPU
		Release|Any CPU = Release|Any CPU
	EndGlobalSection
	GlobalSection(ProjectConfigurationPlatforms) = postSolution
		{22165F3C-0734-4FA0-8299-39C8BF23F5AF}.Debug|Any CPU.ActiveCfg = Debug|Any CPU
		{22165F3C-0734-4FA0-8299-39C8BF23F5AF}.Debug|Any CPU.Build.0 = Debug|Any CPU
		{22165F3C-0734-4FA0-8299-39C8BF23F5AF}.Release|Any CPU.ActiveCfg = Release|Any CPU
		{22165F3C-0734-4FA0-8299-39C8BF23F5AF}.Release|Any CPU.Build.0 = Release|Any CPU
		{FF0B4F27-093D-4311-92F1-E49EF3074D9A}.Debug|Any CPU.ActiveCfg = Debug|Any CPU
		{FF0B4F27-093D-4311-92F1-E49EF3074D9A}.Debug|Any CPU.Build.0 = Debug|Any CPU
		{FF0B4F27-093D-4311-92F1-E49EF3074D9A}.Release|Any CPU.ActiveCfg = Release|Any CPU
		{FF0B4F27-093D-4311-92F1-E49EF3074D9A}.Release|Any CPU.Build.0 = Release|Any CPU
		{230518F0-197A-4590-8AF5-627881AC0B8B}.Debug|Any CPU.ActiveCfg = Debug|Any CPU
		{230518F0-197A-4590-8AF5-627881AC0B8B}.Debug|Any CPU.Build.0 = Debug|Any CPU
		{230518F0-197A-4590-8AF5-627881AC0B8B}.Release|Any CPU.ActiveCfg = Release|Any CPU
		{230518F0-197A-4590-8AF5-627881AC0B8B}.Release|Any CPU.Build.0 = Release|Any CPU
		{C0D7B855-5C82-45C0-ADEE-5DEDC08AED4E}.Debug|Any CPU.ActiveCfg = Debug|Any CPU
		{C0D7B855-5C82-45C0-ADEE-5DEDC08AED4E}.Debug|Any CPU.Build.0 = Debug|Any CPU
		{C0D7B855-5C82-45C0-ADEE-5DEDC08AED4E}.Release|Any CPU.ActiveCfg = Release|Any CPU
		{C0D7B855-5C82-45C0-ADEE-5DEDC08AED4E}.Release|Any CPU.Build.0 = Release|Any CPU
		{BDB277EF-FB82-4C92-9FF5-32304FFFF20D}.Debug|Any CPU.ActiveCfg = Debug|Any CPU
		{BDB277EF-FB82-4C92-9FF5-32304FFFF20D}.Debug|Any CPU.Build.0 = Debug|Any CPU
		{BDB277EF-FB82-4C92-9FF5-32304FFFF20D}.Release|Any CPU.ActiveCfg = Release|Any CPU
		{BDB277EF-FB82-4C92-9FF5-32304FFFF20D}.Release|Any CPU.Build.0 = Release|Any CPU
		{AE0E7905-8F82-44BA-80DA-B5654753CEA1}.Debug|Any CPU.ActiveCfg = Debug|Any CPU
		{AE0E7905-8F82-44BA-80DA-B5654753CEA1}.Debug|Any CPU.Build.0 = Debug|Any CPU
		{AE0E7905-8F82-44BA-80DA-B5654753CEA1}.Release|Any CPU.ActiveCfg = Release|Any CPU
		{AE0E7905-8F82-44BA-80DA-B5654753CEA1}.Release|Any CPU.Build.0 = Release|Any CPU
		{5EB55EE9-CE35-4227-935D-E87FB1758FDF}.Debug|Any CPU.ActiveCfg = Debug|Any CPU
		{5EB55EE9-CE35-4227-935D-E87FB1758FDF}.Debug|Any CPU.Build.0 = Debug|Any CPU
		{5EB55EE9-CE35-4227-935D-E87FB1758FDF}.Release|Any CPU.ActiveCfg = Release|Any CPU
		{5EB55EE9-CE35-4227-935D-E87FB1758FDF}.Release|Any CPU.Build.0 = Release|Any CPU
		{C24D83E7-A9A2-4768-B234-5FFF8E7F3708}.Debug|Any CPU.ActiveCfg = Debug|Any CPU
		{C24D83E7-A9A2-4768-B234-5FFF8E7F3708}.Debug|Any CPU.Build.0 = Debug|Any CPU
		{C24D83E7-A9A2-4768-B234-5FFF8E7F3708}.Release|Any CPU.ActiveCfg = Release|Any CPU
		{C24D83E7-A9A2-4768-B234-5FFF8E7F3708}.Release|Any CPU.Build.0 = Release|Any CPU
		{EC53FEA0-B19B-40D4-8D20-29AB26ED55C7}.Debug|Any CPU.ActiveCfg = Debug|Any CPU
		{EC53FEA0-B19B-40D4-8D20-29AB26ED55C7}.Debug|Any CPU.Build.0 = Debug|Any CPU
		{EC53FEA0-B19B-40D4-8D20-29AB26ED55C7}.Release|Any CPU.ActiveCfg = Release|Any CPU
		{EC53FEA0-B19B-40D4-8D20-29AB26ED55C7}.Release|Any CPU.Build.0 = Release|Any CPU
		{2017363D-698A-4027-B34B-2F71D5C5F304}.Debug|Any CPU.ActiveCfg = Debug|Any CPU
		{2017363D-698A-4027-B34B-2F71D5C5F304}.Debug|Any CPU.Build.0 = Debug|Any CPU
		{2017363D-698A-4027-B34B-2F71D5C5F304}.Release|Any CPU.ActiveCfg = Release|Any CPU
		{2017363D-698A-4027-B34B-2F71D5C5F304}.Release|Any CPU.Build.0 = Release|Any CPU
		{4FC1C578-6F4A-4CC8-8ADF-3B0002B2338C}.Debug|Any CPU.ActiveCfg = Debug|Any CPU
		{4FC1C578-6F4A-4CC8-8ADF-3B0002B2338C}.Debug|Any CPU.Build.0 = Debug|Any CPU
		{4FC1C578-6F4A-4CC8-8ADF-3B0002B2338C}.Release|Any CPU.ActiveCfg = Release|Any CPU
		{4FC1C578-6F4A-4CC8-8ADF-3B0002B2338C}.Release|Any CPU.Build.0 = Release|Any CPU
		{CA850F6C-D610-43A7-BD75-529C49DFD8B5}.Debug|Any CPU.ActiveCfg = Debug|Any CPU
		{CA850F6C-D610-43A7-BD75-529C49DFD8B5}.Debug|Any CPU.Build.0 = Debug|Any CPU
		{CA850F6C-D610-43A7-BD75-529C49DFD8B5}.Release|Any CPU.ActiveCfg = Release|Any CPU
		{CA850F6C-D610-43A7-BD75-529C49DFD8B5}.Release|Any CPU.Build.0 = Release|Any CPU
		{D3FEFA8A-8F97-495D-A60D-6CE9AE628C7C}.Debug|Any CPU.ActiveCfg = Debug|Any CPU
		{D3FEFA8A-8F97-495D-A60D-6CE9AE628C7C}.Debug|Any CPU.Build.0 = Debug|Any CPU
		{D3FEFA8A-8F97-495D-A60D-6CE9AE628C7C}.Release|Any CPU.ActiveCfg = Release|Any CPU
		{D3FEFA8A-8F97-495D-A60D-6CE9AE628C7C}.Release|Any CPU.Build.0 = Release|Any CPU
		{5C086D31-CFBF-4CF9-BB16-2B1ABF22979E}.Debug|Any CPU.ActiveCfg = Debug|Any CPU
		{5C086D31-CFBF-4CF9-BB16-2B1ABF22979E}.Debug|Any CPU.Build.0 = Debug|Any CPU
		{5C086D31-CFBF-4CF9-BB16-2B1ABF22979E}.Release|Any CPU.ActiveCfg = Release|Any CPU
		{5C086D31-CFBF-4CF9-BB16-2B1ABF22979E}.Release|Any CPU.Build.0 = Release|Any CPU
		{D7D61C0D-E25A-4FA0-9899-DD27035AA195}.Debug|Any CPU.ActiveCfg = Debug|Any CPU
		{D7D61C0D-E25A-4FA0-9899-DD27035AA195}.Debug|Any CPU.Build.0 = Debug|Any CPU
		{D7D61C0D-E25A-4FA0-9899-DD27035AA195}.Release|Any CPU.ActiveCfg = Release|Any CPU
		{D7D61C0D-E25A-4FA0-9899-DD27035AA195}.Release|Any CPU.Build.0 = Release|Any CPU
		{0219107B-FD35-4204-A28C-F6D2BC998038}.Debug|Any CPU.ActiveCfg = Debug|Any CPU
		{0219107B-FD35-4204-A28C-F6D2BC998038}.Debug|Any CPU.Build.0 = Debug|Any CPU
		{0219107B-FD35-4204-A28C-F6D2BC998038}.Release|Any CPU.ActiveCfg = Release|Any CPU
		{0219107B-FD35-4204-A28C-F6D2BC998038}.Release|Any CPU.Build.0 = Release|Any CPU
		{43AD63DA-766F-4B23-900D-6B1789ED05DC}.Debug|Any CPU.ActiveCfg = Debug|Any CPU
		{43AD63DA-766F-4B23-900D-6B1789ED05DC}.Debug|Any CPU.Build.0 = Debug|Any CPU
		{43AD63DA-766F-4B23-900D-6B1789ED05DC}.Release|Any CPU.ActiveCfg = Release|Any CPU
		{43AD63DA-766F-4B23-900D-6B1789ED05DC}.Release|Any CPU.Build.0 = Release|Any CPU
		{0144E9CF-9669-40D4-924A-BC3279558B26}.Debug|Any CPU.ActiveCfg = Debug|Any CPU
		{0144E9CF-9669-40D4-924A-BC3279558B26}.Debug|Any CPU.Build.0 = Debug|Any CPU
		{0144E9CF-9669-40D4-924A-BC3279558B26}.Release|Any CPU.ActiveCfg = Release|Any CPU
		{0144E9CF-9669-40D4-924A-BC3279558B26}.Release|Any CPU.Build.0 = Release|Any CPU
		{7377C762-7CD4-48E1-A5EB-344C72E80FF5}.Debug|Any CPU.ActiveCfg = Debug|Any CPU
		{7377C762-7CD4-48E1-A5EB-344C72E80FF5}.Debug|Any CPU.Build.0 = Debug|Any CPU
		{7377C762-7CD4-48E1-A5EB-344C72E80FF5}.Release|Any CPU.ActiveCfg = Release|Any CPU
		{7377C762-7CD4-48E1-A5EB-344C72E80FF5}.Release|Any CPU.Build.0 = Release|Any CPU
		{A761A461-4786-4822-B845-239876C0A5B3}.Debug|Any CPU.ActiveCfg = Debug|Any CPU
		{A761A461-4786-4822-B845-239876C0A5B3}.Debug|Any CPU.Build.0 = Debug|Any CPU
		{A761A461-4786-4822-B845-239876C0A5B3}.Release|Any CPU.ActiveCfg = Release|Any CPU
		{A761A461-4786-4822-B845-239876C0A5B3}.Release|Any CPU.Build.0 = Release|Any CPU
		{302FC673-5D43-4748-98CD-E5DF1A83ADD3}.Debug|Any CPU.ActiveCfg = Debug|Any CPU
		{302FC673-5D43-4748-98CD-E5DF1A83ADD3}.Debug|Any CPU.Build.0 = Debug|Any CPU
		{302FC673-5D43-4748-98CD-E5DF1A83ADD3}.Release|Any CPU.ActiveCfg = Release|Any CPU
		{302FC673-5D43-4748-98CD-E5DF1A83ADD3}.Release|Any CPU.Build.0 = Release|Any CPU
		{AFE566CB-2F37-478D-B6D0-64BA844AE7AC}.Debug|Any CPU.ActiveCfg = Debug|Any CPU
		{AFE566CB-2F37-478D-B6D0-64BA844AE7AC}.Debug|Any CPU.Build.0 = Debug|Any CPU
		{AFE566CB-2F37-478D-B6D0-64BA844AE7AC}.Release|Any CPU.ActiveCfg = Release|Any CPU
		{AFE566CB-2F37-478D-B6D0-64BA844AE7AC}.Release|Any CPU.Build.0 = Release|Any CPU
		{DE8993B5-0C4F-4CD0-BACE-9ED6D8B88AED}.Debug|Any CPU.ActiveCfg = Debug|Any CPU
		{DE8993B5-0C4F-4CD0-BACE-9ED6D8B88AED}.Debug|Any CPU.Build.0 = Debug|Any CPU
		{DE8993B5-0C4F-4CD0-BACE-9ED6D8B88AED}.Release|Any CPU.ActiveCfg = Release|Any CPU
		{DE8993B5-0C4F-4CD0-BACE-9ED6D8B88AED}.Release|Any CPU.Build.0 = Release|Any CPU
		{5169718D-FBFA-405B-833A-AA080D5AF81C}.Debug|Any CPU.ActiveCfg = Debug|Any CPU
		{5169718D-FBFA-405B-833A-AA080D5AF81C}.Debug|Any CPU.Build.0 = Debug|Any CPU
		{5169718D-FBFA-405B-833A-AA080D5AF81C}.Release|Any CPU.ActiveCfg = Release|Any CPU
		{5169718D-FBFA-405B-833A-AA080D5AF81C}.Release|Any CPU.Build.0 = Release|Any CPU
		{B708D33C-4DAD-4C39-AB22-C1614857CE1B}.Debug|Any CPU.ActiveCfg = Debug|Any CPU
		{B708D33C-4DAD-4C39-AB22-C1614857CE1B}.Debug|Any CPU.Build.0 = Debug|Any CPU
		{B708D33C-4DAD-4C39-AB22-C1614857CE1B}.Release|Any CPU.ActiveCfg = Release|Any CPU
		{B708D33C-4DAD-4C39-AB22-C1614857CE1B}.Release|Any CPU.Build.0 = Release|Any CPU
	EndGlobalSection
	GlobalSection(SolutionProperties) = preSolution
		HideSolutionNode = FALSE
	EndGlobalSection
	GlobalSection(NestedProjects) = preSolution
		{230518F0-197A-4590-8AF5-627881AC0B8B} = {9612DED4-22F3-434C-8D60-C5FE825912C0}
		{C0D7B855-5C82-45C0-ADEE-5DEDC08AED4E} = {9612DED4-22F3-434C-8D60-C5FE825912C0}
		{AE0E7905-8F82-44BA-80DA-B5654753CEA1} = {5C2E17DA-9A37-4BD8-A08D-9836248633F4}
		{5EB55EE9-CE35-4227-935D-E87FB1758FDF} = {5C2E17DA-9A37-4BD8-A08D-9836248633F4}
		{C24D83E7-A9A2-4768-B234-5FFF8E7F3708} = {5C2E17DA-9A37-4BD8-A08D-9836248633F4}
		{EC53FEA0-B19B-40D4-8D20-29AB26ED55C7} = {5C2E17DA-9A37-4BD8-A08D-9836248633F4}
		{4FC1C578-6F4A-4CC8-8ADF-3B0002B2338C} = {5C2E17DA-9A37-4BD8-A08D-9836248633F4}
		{CA850F6C-D610-43A7-BD75-529C49DFD8B5} = {5C2E17DA-9A37-4BD8-A08D-9836248633F4}
		{D3FEFA8A-8F97-495D-A60D-6CE9AE628C7C} = {5C2E17DA-9A37-4BD8-A08D-9836248633F4}
		{5C086D31-CFBF-4CF9-BB16-2B1ABF22979E} = {5C2E17DA-9A37-4BD8-A08D-9836248633F4}
		{D7D61C0D-E25A-4FA0-9899-DD27035AA195} = {5C2E17DA-9A37-4BD8-A08D-9836248633F4}
		{0219107B-FD35-4204-A28C-F6D2BC998038} = {5C2E17DA-9A37-4BD8-A08D-9836248633F4}
		{43AD63DA-766F-4B23-900D-6B1789ED05DC} = {5C2E17DA-9A37-4BD8-A08D-9836248633F4}
		{0144E9CF-9669-40D4-924A-BC3279558B26} = {5C2E17DA-9A37-4BD8-A08D-9836248633F4}
		{8CE4BD6B-535B-4276-AD9B-B0C1BC5E9EE5} = {5C2E17DA-9A37-4BD8-A08D-9836248633F4}
		{7377C762-7CD4-48E1-A5EB-344C72E80FF5} = {8CE4BD6B-535B-4276-AD9B-B0C1BC5E9EE5}
		{A761A461-4786-4822-B845-239876C0A5B3} = {5C2E17DA-9A37-4BD8-A08D-9836248633F4}
		{302FC673-5D43-4748-98CD-E5DF1A83ADD3} = {8CE4BD6B-535B-4276-AD9B-B0C1BC5E9EE5}
		{AFE566CB-2F37-478D-B6D0-64BA844AE7AC} = {6090132D-DF76-4633-942F-EB12297FD412}
		{DE8993B5-0C4F-4CD0-BACE-9ED6D8B88AED} = {5C2E17DA-9A37-4BD8-A08D-9836248633F4}
		{5169718D-FBFA-405B-833A-AA080D5AF81C} = {5C2E17DA-9A37-4BD8-A08D-9836248633F4}
		{B708D33C-4DAD-4C39-AB22-C1614857CE1B} = {D3812A0A-EA10-494B-959D-E1D3D6C3E5EE}
	EndGlobalSection
EndGlobal
