
Microsoft Visual Studio Solution File, Format Version 12.00
# Visual Studio 14
VisualStudioVersion = 14.0.23107.0
MinimumVisualStudioVersion = 10.0.40219.1
Project("{FAE04EC0-301F-11D3-BF4B-00C04F79EFBC}") = "Locator", "ViewLocator\Locator.csproj", "{22165F3C-0734-4FA0-8299-39C8BF23F5AF}"
EndProject
Project("{FAE04EC0-301F-11D3-BF4B-00C04F79EFBC}") = "ViewLocatorTest", "ViewLocatorTest\ViewLocatorTest.csproj", "{FF0B4F27-093D-4311-92F1-E49EF3074D9A}"
EndProject
Project("{2150E333-8FDC-42A3-9474-1A3956D46DE8}") = "Example", "Example", "{9612DED4-22F3-434C-8D60-C5FE825912C0}"
EndProject
Project("{FAE04EC0-301F-11D3-BF4B-00C04F79EFBC}") = "ExampleData", "ExampleData\ExampleData.csproj", "{230518F0-197A-4590-8AF5-627881AC0B8B}"
EndProject
Project("{FAE04EC0-301F-11D3-BF4B-00C04F79EFBC}") = "ExampleData.Test", "ExampleData.Test\ExampleData.Test.csproj", "{C0D7B855-5C82-45C0-ADEE-5DEDC08AED4E}"
EndProject
Project("{FAE04EC0-301F-11D3-BF4B-00C04F79EFBC}") = "VMBase", "VMBase\VMBase.csproj", "{BDB277EF-FB82-4C92-9FF5-32304FFFF20D}"
EndProject
Project("{2150E333-8FDC-42A3-9474-1A3956D46DE8}") = "Framework", "Framework", "{5C2E17DA-9A37-4BD8-A08D-9836248633F4}"
EndProject
Project("{FAE04EC0-301F-11D3-BF4B-00C04F79EFBC}") = "EntityViewModel", "EntityViewModel\EntityViewModel.csproj", "{AE0E7905-8F82-44BA-80DA-B5654753CEA1}"
EndProject
Project("{FAE04EC0-301F-11D3-BF4B-00C04F79EFBC}") = "EFExtensions", "EFExtensions\EFExtensions.csproj", "{5EB55EE9-CE35-4227-935D-E87FB1758FDF}"
EndProject
Project("{FAE04EC0-301F-11D3-BF4B-00C04F79EFBC}") = "RLINQ", "RLINQ\RLINQ.csproj", "{C24D83E7-A9A2-4768-B234-5FFF8E7F3708}"
EndProject
Project("{FAE04EC0-301F-11D3-BF4B-00C04F79EFBC}") = "PreviewCollection", "..\..\PreviewObservableCollectio\PreviewCollection\PreviewCollection.csproj", "{EC53FEA0-B19B-40D4-8D20-29AB26ED55C7}"
EndProject
Project("{FAE04EC0-301F-11D3-BF4B-00C04F79EFBC}") = "ViewLocator2", "ViewLocator2\ViewLocator2.csproj", "{2017363D-698A-4027-B34B-2F71D5C5F304}"
EndProject
Project("{FAE04EC0-301F-11D3-BF4B-00C04F79EFBC}") = "ExampleViewModel", "ExampleViewModel\ExampleViewModel.csproj", "{90997735-F74C-4416-9876-2E38DA526C84}"
EndProject
Project("{FAE04EC0-301F-11D3-BF4B-00C04F79EFBC}") = "ExampleBootstrap", "ExampleBootstrap\ExampleBootstrap.csproj", "{D5D58DA6-D217-4A8A-A698-8F38C08E3498}"
EndProject
Project("{FAE04EC0-301F-11D3-BF4B-00C04F79EFBC}") = "ExampleView2", "ExampleView2\ExampleView2.csproj", "{6C31C448-8AA2-4912-A7DD-121CF30E9C9F}"
EndProject
Project("{FAE04EC0-301F-11D3-BF4B-00C04F79EFBC}") = "RLinq.Test", "RLinq.Test\RLinq.Test.csproj", "{4FC1C578-6F4A-4CC8-8ADF-3B0002B2338C}"
EndProject
Global
	GlobalSection(SolutionConfigurationPlatforms) = preSolution
		Debug|Any CPU = Debug|Any CPU
		Release|Any CPU = Release|Any CPU
	EndGlobalSection
	GlobalSection(ProjectConfigurationPlatforms) = postSolution
		{22165F3C-0734-4FA0-8299-39C8BF23F5AF}.Debug|Any CPU.ActiveCfg = Debug|Any CPU
		{22165F3C-0734-4FA0-8299-39C8BF23F5AF}.Debug|Any CPU.Build.0 = Debug|Any CPU
		{22165F3C-0734-4FA0-8299-39C8BF23F5AF}.Release|Any CPU.ActiveCfg = Release|Any CPU
		{22165F3C-0734-4FA0-8299-39C8BF23F5AF}.Release|Any CPU.Build.0 = Release|Any CPU
		{FF0B4F27-093D-4311-92F1-E49EF3074D9A}.Debug|Any CPU.ActiveCfg = Debug|Any CPU
		{FF0B4F27-093D-4311-92F1-E49EF3074D9A}.Debug|Any CPU.Build.0 = Debug|Any CPU
		{FF0B4F27-093D-4311-92F1-E49EF3074D9A}.Release|Any CPU.ActiveCfg = Release|Any CPU
		{FF0B4F27-093D-4311-92F1-E49EF3074D9A}.Release|Any CPU.Build.0 = Release|Any CPU
		{230518F0-197A-4590-8AF5-627881AC0B8B}.Debug|Any CPU.ActiveCfg = Debug|Any CPU
		{230518F0-197A-4590-8AF5-627881AC0B8B}.Debug|Any CPU.Build.0 = Debug|Any CPU
		{230518F0-197A-4590-8AF5-627881AC0B8B}.Release|Any CPU.ActiveCfg = Release|Any CPU
		{230518F0-197A-4590-8AF5-627881AC0B8B}.Release|Any CPU.Build.0 = Release|Any CPU
		{C0D7B855-5C82-45C0-ADEE-5DEDC08AED4E}.Debug|Any CPU.ActiveCfg = Debug|Any CPU
		{C0D7B855-5C82-45C0-ADEE-5DEDC08AED4E}.Debug|Any CPU.Build.0 = Debug|Any CPU
		{C0D7B855-5C82-45C0-ADEE-5DEDC08AED4E}.Release|Any CPU.ActiveCfg = Release|Any CPU
		{C0D7B855-5C82-45C0-ADEE-5DEDC08AED4E}.Release|Any CPU.Build.0 = Release|Any CPU
		{BDB277EF-FB82-4C92-9FF5-32304FFFF20D}.Debug|Any CPU.ActiveCfg = Debug|Any CPU
		{BDB277EF-FB82-4C92-9FF5-32304FFFF20D}.Debug|Any CPU.Build.0 = Debug|Any CPU
		{BDB277EF-FB82-4C92-9FF5-32304FFFF20D}.Release|Any CPU.ActiveCfg = Release|Any CPU
		{BDB277EF-FB82-4C92-9FF5-32304FFFF20D}.Release|Any CPU.Build.0 = Release|Any CPU
		{AE0E7905-8F82-44BA-80DA-B5654753CEA1}.Debug|Any CPU.ActiveCfg = Debug|Any CPU
		{AE0E7905-8F82-44BA-80DA-B5654753CEA1}.Debug|Any CPU.Build.0 = Debug|Any CPU
		{AE0E7905-8F82-44BA-80DA-B5654753CEA1}.Release|Any CPU.ActiveCfg = Release|Any CPU
		{AE0E7905-8F82-44BA-80DA-B5654753CEA1}.Release|Any CPU.Build.0 = Release|Any CPU
		{5EB55EE9-CE35-4227-935D-E87FB1758FDF}.Debug|Any CPU.ActiveCfg = Debug|Any CPU
		{5EB55EE9-CE35-4227-935D-E87FB1758FDF}.Debug|Any CPU.Build.0 = Debug|Any CPU
		{5EB55EE9-CE35-4227-935D-E87FB1758FDF}.Release|Any CPU.ActiveCfg = Release|Any CPU
		{5EB55EE9-CE35-4227-935D-E87FB1758FDF}.Release|Any CPU.Build.0 = Release|Any CPU
		{C24D83E7-A9A2-4768-B234-5FFF8E7F3708}.Debug|Any CPU.ActiveCfg = Debug|Any CPU
		{C24D83E7-A9A2-4768-B234-5FFF8E7F3708}.Debug|Any CPU.Build.0 = Debug|Any CPU
		{C24D83E7-A9A2-4768-B234-5FFF8E7F3708}.Release|Any CPU.ActiveCfg = Release|Any CPU
		{C24D83E7-A9A2-4768-B234-5FFF8E7F3708}.Release|Any CPU.Build.0 = Release|Any CPU
		{EC53FEA0-B19B-40D4-8D20-29AB26ED55C7}.Debug|Any CPU.ActiveCfg = Debug|Any CPU
		{EC53FEA0-B19B-40D4-8D20-29AB26ED55C7}.Debug|Any CPU.Build.0 = Debug|Any CPU
		{EC53FEA0-B19B-40D4-8D20-29AB26ED55C7}.Release|Any CPU.ActiveCfg = Release|Any CPU
		{EC53FEA0-B19B-40D4-8D20-29AB26ED55C7}.Release|Any CPU.Build.0 = Release|Any CPU
		{2017363D-698A-4027-B34B-2F71D5C5F304}.Debug|Any CPU.ActiveCfg = Debug|Any CPU
		{2017363D-698A-4027-B34B-2F71D5C5F304}.Debug|Any CPU.Build.0 = Debug|Any CPU
		{2017363D-698A-4027-B34B-2F71D5C5F304}.Release|Any CPU.ActiveCfg = Release|Any CPU
		{2017363D-698A-4027-B34B-2F71D5C5F304}.Release|Any CPU.Build.0 = Release|Any CPU
		{90997735-F74C-4416-9876-2E38DA526C84}.Debug|Any CPU.ActiveCfg = Debug|Any CPU
		{90997735-F74C-4416-9876-2E38DA526C84}.Debug|Any CPU.Build.0 = Debug|Any CPU
		{90997735-F74C-4416-9876-2E38DA526C84}.Release|Any CPU.ActiveCfg = Release|Any CPU
		{90997735-F74C-4416-9876-2E38DA526C84}.Release|Any CPU.Build.0 = Release|Any CPU
		{D5D58DA6-D217-4A8A-A698-8F38C08E3498}.Debug|Any CPU.ActiveCfg = Debug|Any CPU
		{D5D58DA6-D217-4A8A-A698-8F38C08E3498}.Debug|Any CPU.Build.0 = Debug|Any CPU
		{D5D58DA6-D217-4A8A-A698-8F38C08E3498}.Release|Any CPU.ActiveCfg = Release|Any CPU
		{D5D58DA6-D217-4A8A-A698-8F38C08E3498}.Release|Any CPU.Build.0 = Release|Any CPU
		{6C31C448-8AA2-4912-A7DD-121CF30E9C9F}.Debug|Any CPU.ActiveCfg = Debug|Any CPU
		{6C31C448-8AA2-4912-A7DD-121CF30E9C9F}.Debug|Any CPU.Build.0 = Debug|Any CPU
		{6C31C448-8AA2-4912-A7DD-121CF30E9C9F}.Release|Any CPU.ActiveCfg = Release|Any CPU
		{6C31C448-8AA2-4912-A7DD-121CF30E9C9F}.Release|Any CPU.Build.0 = Release|Any CPU
		{4FC1C578-6F4A-4CC8-8ADF-3B0002B2338C}.Debug|Any CPU.ActiveCfg = Debug|Any CPU
		{4FC1C578-6F4A-4CC8-8ADF-3B0002B2338C}.Debug|Any CPU.Build.0 = Debug|Any CPU
		{4FC1C578-6F4A-4CC8-8ADF-3B0002B2338C}.Release|Any CPU.ActiveCfg = Release|Any CPU
		{4FC1C578-6F4A-4CC8-8ADF-3B0002B2338C}.Release|Any CPU.Build.0 = Release|Any CPU
	EndGlobalSection
	GlobalSection(SolutionProperties) = preSolution
		HideSolutionNode = FALSE
	EndGlobalSection
	GlobalSection(NestedProjects) = preSolution
		{230518F0-197A-4590-8AF5-627881AC0B8B} = {9612DED4-22F3-434C-8D60-C5FE825912C0}
		{C0D7B855-5C82-45C0-ADEE-5DEDC08AED4E} = {9612DED4-22F3-434C-8D60-C5FE825912C0}
		{AE0E7905-8F82-44BA-80DA-B5654753CEA1} = {5C2E17DA-9A37-4BD8-A08D-9836248633F4}
		{5EB55EE9-CE35-4227-935D-E87FB1758FDF} = {5C2E17DA-9A37-4BD8-A08D-9836248633F4}
		{C24D83E7-A9A2-4768-B234-5FFF8E7F3708} = {5C2E17DA-9A37-4BD8-A08D-9836248633F4}
		{EC53FEA0-B19B-40D4-8D20-29AB26ED55C7} = {5C2E17DA-9A37-4BD8-A08D-9836248633F4}
		{90997735-F74C-4416-9876-2E38DA526C84} = {9612DED4-22F3-434C-8D60-C5FE825912C0}
		{D5D58DA6-D217-4A8A-A698-8F38C08E3498} = {9612DED4-22F3-434C-8D60-C5FE825912C0}
		{6C31C448-8AA2-4912-A7DD-121CF30E9C9F} = {9612DED4-22F3-434C-8D60-C5FE825912C0}
		{4FC1C578-6F4A-4CC8-8ADF-3B0002B2338C} = {5C2E17DA-9A37-4BD8-A08D-9836248633F4}
	EndGlobalSection
EndGlobal
