
Microsoft Visual Studio Solution File, Format Version 12.00
# Visual Studio 14
VisualStudioVersion = 14.0.23107.0
MinimumVisualStudioVersion = 10.0.40219.1
Project("{FAE04EC0-301F-11D3-BF4B-00C04F79EFBC}") = "BoolNullVisibilityConverter", "BoolNullVisibilityConverter\BoolNullVisibilityConverter.csproj", "{302FC673-5D43-4748-98CD-E5DF1A83ADD3}"
EndProject
Project("{FAE04EC0-301F-11D3-BF4B-00C04F79EFBC}") = "BoolNullVisibilityConverterTest", "BoolNullVisibilityConverterTest\BoolNullVisibilityConverterTest.csproj", "{EDEFD2F8-3C04-4D03-8DBA-525DCEC06182}"
EndProject
Global
	GlobalSection(SolutionConfigurationPlatforms) = preSolution
		Debug|Any CPU = Debug|Any CPU
		Release|Any CPU = Release|Any CPU
	EndGlobalSection
	GlobalSection(ProjectConfigurationPlatforms) = postSolution
		{302FC673-5D43-4748-98CD-E5DF1A83ADD3}.Debug|Any CPU.ActiveCfg = Debug|Any CPU
		{302FC673-5D43-4748-98CD-E5DF1A83ADD3}.Debug|Any CPU.Build.0 = Debug|Any CPU
		{302FC673-5D43-4748-98CD-E5DF1A83ADD3}.Release|Any CPU.ActiveCfg = Release|Any CPU
		{302FC673-5D43-4748-98CD-E5DF1A83ADD3}.Release|Any CPU.Build.0 = Release|Any CPU
		{EDEFD2F8-3C04-4D03-8DBA-525DCEC06182}.Debug|Any CPU.ActiveCfg = Debug|Any CPU
		{EDEFD2F8-3C04-4D03-8DBA-525DCEC06182}.Debug|Any CPU.Build.0 = Debug|Any CPU
		{EDEFD2F8-3C04-4D03-8DBA-525DCEC06182}.Release|Any CPU.ActiveCfg = Release|Any CPU
		{EDEFD2F8-3C04-4D03-8DBA-525DCEC06182}.Release|Any CPU.Build.0 = Release|Any CPU
	EndGlobalSection
	GlobalSection(SolutionProperties) = preSolution
		HideSolutionNode = FALSE
	EndGlobalSection
	GlobalSection(TeamFoundationVersionControl) = preSolution
		SccNumberOfProjects = 3
		SccEnterpriseProvider = {4CA58AB2-18FA-4F8D-95D4-32DDF27D184C}
		SccTeamFoundationServer = https://bitxemrafa.visualstudio.com/defaultcollection
		SccLocalPath0 = .
		SccProjectUniqueName1 = BoolNullVisibilityConverter\\BoolNullVisibilityConverter.csproj
		SccProjectName1 = BoolNullVisibilityConverter
		SccLocalPath1 = BoolNullVisibilityConverter
		SccProjectUniqueName2 = BoolNullVisibilityConverterTest\\BoolNullVisibilityConverterTest.csproj
		SccProjectName2 = BoolNullVisibilityConverterTest
		SccLocalPath2 = BoolNullVisibilityConverterTest
	EndGlobalSection
EndGlobal
